
Microsoft Visual Studio Solution File, Format Version 12.00
# Visual Studio Version 16
VisualStudioVersion = 16.0.31624.102
MinimumVisualStudioVersion = 10.0.40219.1
Project("{FAE04EC0-301F-11D3-BF4B-00C04F79EFBC}") = "Myhomework1", "Myhomework1\Myhomework1.csproj", "{33CF76AA-8F59-4B65-A1D8-667BC0C853EE}"
EndProject
Global
	GlobalSection(SolutionConfigurationPlatforms) = preSolution
		Debug|Any CPU = Debug|Any CPU
		Release|Any CPU = Release|Any CPU
	EndGlobalSection
	GlobalSection(ProjectConfigurationPlatforms) = postSolution
		{33CF76AA-8F59-4B65-A1D8-667BC0C853EE}.Debug|Any CPU.ActiveCfg = Debug|Any CPU
		{33CF76AA-8F59-4B65-A1D8-667BC0C853EE}.Debug|Any CPU.Build.0 = Debug|Any CPU
		{33CF76AA-8F59-4B65-A1D8-667BC0C853EE}.Release|Any CPU.ActiveCfg = Release|Any CPU
		{33CF76AA-8F59-4B65-A1D8-667BC0C853EE}.Release|Any CPU.Build.0 = Release|Any CPU
	EndGlobalSection
	GlobalSection(SolutionProperties) = preSolution
		HideSolutionNode = FALSE
	EndGlobalSection
	GlobalSection(ExtensibilityGlobals) = postSolution
		SolutionGuid = {EB0C1641-52C0-41B3-8BC1-330F1759F9D3}
	EndGlobalSection
EndGlobal
